
Microsoft Visual Studio Solution File, Format Version 12.00
# Visual Studio 15
VisualStudioVersion = 15.0.28307.1267
MinimumVisualStudioVersion = 10.0.40219.1
Project("{FAE04EC0-301F-11D3-BF4B-00C04F79EFBC}") = "ClientProxy-P4-101", "ClientProxy-P4-101\ClientProxy-P4-101.csproj", "{781F3B3A-3C13-461D-BF36-89E7B3EAFF4D}"
EndProject
Global
	GlobalSection(SolutionConfigurationPlatforms) = preSolution
		Debug|Any CPU = Debug|Any CPU
		Release|Any CPU = Release|Any CPU
	EndGlobalSection
	GlobalSection(ProjectConfigurationPlatforms) = postSolution
		{781F3B3A-3C13-461D-BF36-89E7B3EAFF4D}.Debug|Any CPU.ActiveCfg = Debug|Any CPU
		{781F3B3A-3C13-461D-BF36-89E7B3EAFF4D}.Debug|Any CPU.Build.0 = Debug|Any CPU
		{781F3B3A-3C13-461D-BF36-89E7B3EAFF4D}.Release|Any CPU.ActiveCfg = Release|Any CPU
		{781F3B3A-3C13-461D-BF36-89E7B3EAFF4D}.Release|Any CPU.Build.0 = Release|Any CPU
	EndGlobalSection
	GlobalSection(SolutionProperties) = preSolution
		HideSolutionNode = FALSE
	EndGlobalSection
	GlobalSection(ExtensibilityGlobals) = postSolution
		SolutionGuid = {92A8C629-A219-4A9D-BCCF-5627D8A6861F}
	EndGlobalSection
EndGlobal
